// !$*UTF8*$!
{
	archiveVersion = 1;
	classes = {
	};
	objectVersion = 55;
	objects = {

/* Begin PBXBuildFile section */
		3D371EC227D7BCD100FDE89D /* ControlView.swift in Sources */ = {isa = PBXBuildFile; fileRef = 3D371EC127D7BCD100FDE89D /* ControlView.swift */; };
		3D371EC427D7BCDB00FDE89D /* SerialPortView.swift in Sources */ = {isa = PBXBuildFile; fileRef = 3D371EC327D7BCDB00FDE89D /* SerialPortView.swift */; };
		3D371ECB27D7BDD900FDE89D /* SerialPortViewModel.swift in Sources */ = {isa = PBXBuildFile; fileRef = 3D371ECA27D7BDD900FDE89D /* SerialPortViewModel.swift */; };
		3D371ECE27D7C62F00FDE89D /* ControlViewModel.swift in Sources */ = {isa = PBXBuildFile; fileRef = 3D371ECD27D7C62F00FDE89D /* ControlViewModel.swift */; };
		3D371ED527D7C6DF00FDE89D /* SourceView.swift in Sources */ = {isa = PBXBuildFile; fileRef = 3D371ED427D7C6DF00FDE89D /* SourceView.swift */; };
		3D371ED727D7C77700FDE89D /* SourceViewModel.swift in Sources */ = {isa = PBXBuildFile; fileRef = 3D371ED627D7C77700FDE89D /* SourceViewModel.swift */; };
		3D371F0C27D7C8CA00FDE89D /* ScreenCapture.swift in Sources */ = {isa = PBXBuildFile; fileRef = 3D371F0B27D7C8CA00FDE89D /* ScreenCapture.swift */; };
		3D371F0E27D7E49900FDE89D /* AmbilightManager.swift in Sources */ = {isa = PBXBuildFile; fileRef = 3D371F0D27D7E49900FDE89D /* AmbilightManager.swift */; };
		3D371F1E27D8C0C600FDE89D /* Coord.swift in Sources */ = {isa = PBXBuildFile; fileRef = 3D371F1B27D8C0C600FDE89D /* Coord.swift */; };
		3D371F1F27D8C0C600FDE89D /* HSV.swift in Sources */ = {isa = PBXBuildFile; fileRef = 3D371F1C27D8C0C600FDE89D /* HSV.swift */; };
		3D371F2027D8C0C600FDE89D /* RGB.swift in Sources */ = {isa = PBXBuildFile; fileRef = 3D371F1D27D8C0C600FDE89D /* RGB.swift */; };
		3D371F2427D8C0D700FDE89D /* LightOutput.swift in Sources */ = {isa = PBXBuildFile; fileRef = 3D371F2127D8C0D700FDE89D /* LightOutput.swift */; };
		3D371F2527D8C0D700FDE89D /* MultiLightOutput.swift in Sources */ = {isa = PBXBuildFile; fileRef = 3D371F2227D8C0D700FDE89D /* MultiLightOutput.swift */; };
		3D371F2627D8C0D700FDE89D /* SerialLightOutput.swift in Sources */ = {isa = PBXBuildFile; fileRef = 3D371F2327D8C0D700FDE89D /* SerialLightOutput.swift */; };
		3D371F2827D8C0F600FDE89D /* ImageSource.swift in Sources */ = {isa = PBXBuildFile; fileRef = 3D371F2727D8C0F600FDE89D /* ImageSource.swift */; };
		3D371F2A27D8C14F00FDE89D /* CorrectedLightOutput.swift in Sources */ = {isa = PBXBuildFile; fileRef = 3D371F2927D8C14F00FDE89D /* CorrectedLightOutput.swift */; };
		3D371F2C27D8C16E00FDE89D /* ScalingReduction.swift in Sources */ = {isa = PBXBuildFile; fileRef = 3D371F2B27D8C16E00FDE89D /* ScalingReduction.swift */; };
		3D371F2E27D8C17300FDE89D /* ImageReduction.swift in Sources */ = {isa = PBXBuildFile; fileRef = 3D371F2D27D8C17300FDE89D /* ImageReduction.swift */; };
		3D371F3327D8C19D00FDE89D /* SaturationCorrection.swift in Sources */ = {isa = PBXBuildFile; fileRef = 3D371F2F27D8C19C00FDE89D /* SaturationCorrection.swift */; };
		3D371F3527D8C19D00FDE89D /* ExampleCorrection.swift in Sources */ = {isa = PBXBuildFile; fileRef = 3D371F3127D8C19D00FDE89D /* ExampleCorrection.swift */; };
		3D371F3627D8C19D00FDE89D /* ColorCorrection.swift in Sources */ = {isa = PBXBuildFile; fileRef = 3D371F3227D8C19D00FDE89D /* ColorCorrection.swift */; };
		3D371F3827D8C1B900FDE89D /* Examples.swift in Sources */ = {isa = PBXBuildFile; fileRef = 3D371F3727D8C1B900FDE89D /* Examples.swift */; };
		3D371F3C27D8C22500FDE89D /* ChainedColorCorrection.swift in Sources */ = {isa = PBXBuildFile; fileRef = 3D371F3A27D8C22500FDE89D /* ChainedColorCorrection.swift */; };
		3D371F4227D8DE5000FDE89D /* SplitterView.swift in Sources */ = {isa = PBXBuildFile; fileRef = 3D371F4127D8DE5000FDE89D /* SplitterView.swift */; };
		3D371F4427D8DE5C00FDE89D /* SplitterViewModel.swift in Sources */ = {isa = PBXBuildFile; fileRef = 3D371F4327D8DE5C00FDE89D /* SplitterViewModel.swift */; };
		3D371F4727D8DF9F00FDE89D /* Numbers.swift in Sources */ = {isa = PBXBuildFile; fileRef = 3D371F4627D8DF9F00FDE89D /* Numbers.swift */; };
		3D371F4927D8FB8100FDE89D /* GridPreview.swift in Sources */ = {isa = PBXBuildFile; fileRef = 3D371F4827D8FB8100FDE89D /* GridPreview.swift */; };
		3D59D1CF27D90DB900930864 /* GridPreviewModel.swift in Sources */ = {isa = PBXBuildFile; fileRef = 3D59D1CE27D90DB900930864 /* GridPreviewModel.swift */; };
		3D59D1D327D9109500930864 /* ColorCorrectionView.swift in Sources */ = {isa = PBXBuildFile; fileRef = 3D59D1D227D9109500930864 /* ColorCorrectionView.swift */; };
		3D59D1D627D914B700930864 /* ChannelColorCorrection.swift in Sources */ = {isa = PBXBuildFile; fileRef = 3D59D1D527D914B700930864 /* ChannelColorCorrection.swift */; };
		3D59D1D827D914ED00930864 /* Scaler.swift in Sources */ = {isa = PBXBuildFile; fileRef = 3D59D1D727D914ED00930864 /* Scaler.swift */; };
		3D7A1B6F28392B4100644049 /* ORSSerial in Frameworks */ = {isa = PBXBuildFile; productRef = 3D7A1B6E28392B4100644049 /* ORSSerial */; };
		3D7A1B7628392BFC00644049 /* BlackBarDetector.swift in Sources */ = {isa = PBXBuildFile; fileRef = 3D7A1B7128392BFC00644049 /* BlackBarDetector.swift */; };
		3D7A1B7728392BFC00644049 /* GridSplitter.swift in Sources */ = {isa = PBXBuildFile; fileRef = 3D7A1B7328392BFC00644049 /* GridSplitter.swift */; };
		3D7A1B7828392BFC00644049 /* GridConfiguration.swift in Sources */ = {isa = PBXBuildFile; fileRef = 3D7A1B7428392BFC00644049 /* GridConfiguration.swift */; };
		3D837F8827D7B8E600A17EDF /* AmbilightApp.swift in Sources */ = {isa = PBXBuildFile; fileRef = 3D837F8727D7B8E600A17EDF /* AmbilightApp.swift */; };
		3D837F8A27D7B8E600A17EDF /* ContentView.swift in Sources */ = {isa = PBXBuildFile; fileRef = 3D837F8927D7B8E600A17EDF /* ContentView.swift */; };
		3D837F8C27D7B8E700A17EDF /* Assets.xcassets in Resources */ = {isa = PBXBuildFile; fileRef = 3D837F8B27D7B8E700A17EDF /* Assets.xcassets */; };
		3D837F8F27D7B8E700A17EDF /* Preview Assets.xcassets in Resources */ = {isa = PBXBuildFile; fileRef = 3D837F8E27D7B8E700A17EDF /* Preview Assets.xcassets */; };
		3D837F9127D7B8E700A17EDF /* Persistence.swift in Sources */ = {isa = PBXBuildFile; fileRef = 3D837F9027D7B8E700A17EDF /* Persistence.swift */; };
		3D837F9427D7B8E700A17EDF /* Ambilight.xcdatamodeld in Sources */ = {isa = PBXBuildFile; fileRef = 3D837F9227D7B8E700A17EDF /* Ambilight.xcdatamodeld */; };
		3D837F9F27D7B8E700A17EDF /* AmbilightTests.swift in Sources */ = {isa = PBXBuildFile; fileRef = 3D837F9E27D7B8E700A17EDF /* AmbilightTests.swift */; };
		3D837FA927D7B8E700A17EDF /* AmbilightUITests.swift in Sources */ = {isa = PBXBuildFile; fileRef = 3D837FA827D7B8E700A17EDF /* AmbilightUITests.swift */; };
		3D837FAB27D7B8E700A17EDF /* AmbilightUITestsLaunchTests.swift in Sources */ = {isa = PBXBuildFile; fileRef = 3D837FAA27D7B8E700A17EDF /* AmbilightUITestsLaunchTests.swift */; };
/* End PBXBuildFile section */

/* Begin PBXContainerItemProxy section */
		3D837F9B27D7B8E700A17EDF /* PBXContainerItemProxy */ = {
			isa = PBXContainerItemProxy;
			containerPortal = 3D837F7C27D7B8E600A17EDF /* Project object */;
			proxyType = 1;
			remoteGlobalIDString = 3D837F8327D7B8E600A17EDF;
			remoteInfo = Ambilight;
		};
		3D837FA527D7B8E700A17EDF /* PBXContainerItemProxy */ = {
			isa = PBXContainerItemProxy;
			containerPortal = 3D837F7C27D7B8E600A17EDF /* Project object */;
			proxyType = 1;
			remoteGlobalIDString = 3D837F8327D7B8E600A17EDF;
			remoteInfo = Ambilight;
		};
/* End PBXContainerItemProxy section */

/* Begin PBXFileReference section */
		3D371EC127D7BCD100FDE89D /* ControlView.swift */ = {isa = PBXFileReference; lastKnownFileType = sourcecode.swift; path = ControlView.swift; sourceTree = "<group>"; };
		3D371EC327D7BCDB00FDE89D /* SerialPortView.swift */ = {isa = PBXFileReference; lastKnownFileType = sourcecode.swift; path = SerialPortView.swift; sourceTree = "<group>"; };
		3D371ECA27D7BDD900FDE89D /* SerialPortViewModel.swift */ = {isa = PBXFileReference; lastKnownFileType = sourcecode.swift; path = SerialPortViewModel.swift; sourceTree = "<group>"; };
		3D371ECD27D7C62F00FDE89D /* ControlViewModel.swift */ = {isa = PBXFileReference; lastKnownFileType = sourcecode.swift; path = ControlViewModel.swift; sourceTree = "<group>"; };
		3D371ED427D7C6DF00FDE89D /* SourceView.swift */ = {isa = PBXFileReference; lastKnownFileType = sourcecode.swift; path = SourceView.swift; sourceTree = "<group>"; };
		3D371ED627D7C77700FDE89D /* SourceViewModel.swift */ = {isa = PBXFileReference; lastKnownFileType = sourcecode.swift; path = SourceViewModel.swift; sourceTree = "<group>"; };
		3D371F0B27D7C8CA00FDE89D /* ScreenCapture.swift */ = {isa = PBXFileReference; lastKnownFileType = sourcecode.swift; path = ScreenCapture.swift; sourceTree = "<group>"; };
		3D371F0D27D7E49900FDE89D /* AmbilightManager.swift */ = {isa = PBXFileReference; lastKnownFileType = sourcecode.swift; path = AmbilightManager.swift; sourceTree = "<group>"; };
		3D371F1B27D8C0C600FDE89D /* Coord.swift */ = {isa = PBXFileReference; fileEncoding = 4; lastKnownFileType = sourcecode.swift; path = Coord.swift; sourceTree = "<group>"; };
		3D371F1C27D8C0C600FDE89D /* HSV.swift */ = {isa = PBXFileReference; fileEncoding = 4; lastKnownFileType = sourcecode.swift; path = HSV.swift; sourceTree = "<group>"; };
		3D371F1D27D8C0C600FDE89D /* RGB.swift */ = {isa = PBXFileReference; fileEncoding = 4; lastKnownFileType = sourcecode.swift; path = RGB.swift; sourceTree = "<group>"; };
		3D371F2127D8C0D700FDE89D /* LightOutput.swift */ = {isa = PBXFileReference; fileEncoding = 4; lastKnownFileType = sourcecode.swift; path = LightOutput.swift; sourceTree = "<group>"; };
		3D371F2227D8C0D700FDE89D /* MultiLightOutput.swift */ = {isa = PBXFileReference; fileEncoding = 4; lastKnownFileType = sourcecode.swift; path = MultiLightOutput.swift; sourceTree = "<group>"; };
		3D371F2327D8C0D700FDE89D /* SerialLightOutput.swift */ = {isa = PBXFileReference; fileEncoding = 4; lastKnownFileType = sourcecode.swift; path = SerialLightOutput.swift; sourceTree = "<group>"; };
		3D371F2727D8C0F600FDE89D /* ImageSource.swift */ = {isa = PBXFileReference; fileEncoding = 4; lastKnownFileType = sourcecode.swift; path = ImageSource.swift; sourceTree = "<group>"; };
		3D371F2927D8C14F00FDE89D /* CorrectedLightOutput.swift */ = {isa = PBXFileReference; fileEncoding = 4; lastKnownFileType = sourcecode.swift; path = CorrectedLightOutput.swift; sourceTree = "<group>"; };
		3D371F2B27D8C16E00FDE89D /* ScalingReduction.swift */ = {isa = PBXFileReference; fileEncoding = 4; lastKnownFileType = sourcecode.swift; path = ScalingReduction.swift; sourceTree = "<group>"; };
		3D371F2D27D8C17300FDE89D /* ImageReduction.swift */ = {isa = PBXFileReference; fileEncoding = 4; lastKnownFileType = sourcecode.swift; path = ImageReduction.swift; sourceTree = "<group>"; };
		3D371F2F27D8C19C00FDE89D /* SaturationCorrection.swift */ = {isa = PBXFileReference; fileEncoding = 4; lastKnownFileType = sourcecode.swift; path = SaturationCorrection.swift; sourceTree = "<group>"; };
		3D371F3127D8C19D00FDE89D /* ExampleCorrection.swift */ = {isa = PBXFileReference; fileEncoding = 4; lastKnownFileType = sourcecode.swift; path = ExampleCorrection.swift; sourceTree = "<group>"; };
		3D371F3227D8C19D00FDE89D /* ColorCorrection.swift */ = {isa = PBXFileReference; fileEncoding = 4; lastKnownFileType = sourcecode.swift; path = ColorCorrection.swift; sourceTree = "<group>"; };
		3D371F3727D8C1B900FDE89D /* Examples.swift */ = {isa = PBXFileReference; lastKnownFileType = sourcecode.swift; path = Examples.swift; sourceTree = "<group>"; };
		3D371F3A27D8C22500FDE89D /* ChainedColorCorrection.swift */ = {isa = PBXFileReference; fileEncoding = 4; lastKnownFileType = sourcecode.swift; path = ChainedColorCorrection.swift; sourceTree = "<group>"; };
		3D371F4127D8DE5000FDE89D /* SplitterView.swift */ = {isa = PBXFileReference; lastKnownFileType = sourcecode.swift; path = SplitterView.swift; sourceTree = "<group>"; };
		3D371F4327D8DE5C00FDE89D /* SplitterViewModel.swift */ = {isa = PBXFileReference; lastKnownFileType = sourcecode.swift; path = SplitterViewModel.swift; sourceTree = "<group>"; };
		3D371F4627D8DF9F00FDE89D /* Numbers.swift */ = {isa = PBXFileReference; lastKnownFileType = sourcecode.swift; path = Numbers.swift; sourceTree = "<group>"; };
		3D371F4827D8FB8100FDE89D /* GridPreview.swift */ = {isa = PBXFileReference; lastKnownFileType = sourcecode.swift; path = GridPreview.swift; sourceTree = "<group>"; };
		3D59D1CE27D90DB900930864 /* GridPreviewModel.swift */ = {isa = PBXFileReference; lastKnownFileType = sourcecode.swift; path = GridPreviewModel.swift; sourceTree = "<group>"; };
		3D59D1D227D9109500930864 /* ColorCorrectionView.swift */ = {isa = PBXFileReference; lastKnownFileType = sourcecode.swift; path = ColorCorrectionView.swift; sourceTree = "<group>"; };
		3D59D1D527D914B700930864 /* ChannelColorCorrection.swift */ = {isa = PBXFileReference; lastKnownFileType = sourcecode.swift; path = ChannelColorCorrection.swift; sourceTree = "<group>"; };
		3D59D1D727D914ED00930864 /* Scaler.swift */ = {isa = PBXFileReference; lastKnownFileType = sourcecode.swift; path = Scaler.swift; sourceTree = "<group>"; };
		3D7A1B7128392BFC00644049 /* BlackBarDetector.swift */ = {isa = PBXFileReference; fileEncoding = 4; lastKnownFileType = sourcecode.swift; path = BlackBarDetector.swift; sourceTree = "<group>"; };
		3D7A1B7328392BFC00644049 /* GridSplitter.swift */ = {isa = PBXFileReference; fileEncoding = 4; lastKnownFileType = sourcecode.swift; path = GridSplitter.swift; sourceTree = "<group>"; };
		3D7A1B7428392BFC00644049 /* GridConfiguration.swift */ = {isa = PBXFileReference; fileEncoding = 4; lastKnownFileType = sourcecode.swift; path = GridConfiguration.swift; sourceTree = "<group>"; };
		3D837F8427D7B8E600A17EDF /* Ambilight.app */ = {isa = PBXFileReference; explicitFileType = wrapper.application; includeInIndex = 0; path = Ambilight.app; sourceTree = BUILT_PRODUCTS_DIR; };
		3D837F8727D7B8E600A17EDF /* AmbilightApp.swift */ = {isa = PBXFileReference; lastKnownFileType = sourcecode.swift; path = AmbilightApp.swift; sourceTree = "<group>"; };
		3D837F8927D7B8E600A17EDF /* ContentView.swift */ = {isa = PBXFileReference; lastKnownFileType = sourcecode.swift; path = ContentView.swift; sourceTree = "<group>"; };
		3D837F8B27D7B8E700A17EDF /* Assets.xcassets */ = {isa = PBXFileReference; lastKnownFileType = folder.assetcatalog; path = Assets.xcassets; sourceTree = "<group>"; };
		3D837F8E27D7B8E700A17EDF /* Preview Assets.xcassets */ = {isa = PBXFileReference; lastKnownFileType = folder.assetcatalog; path = "Preview Assets.xcassets"; sourceTree = "<group>"; };
		3D837F9027D7B8E700A17EDF /* Persistence.swift */ = {isa = PBXFileReference; lastKnownFileType = sourcecode.swift; path = Persistence.swift; sourceTree = "<group>"; };
		3D837F9327D7B8E700A17EDF /* Ambilight.xcdatamodel */ = {isa = PBXFileReference; lastKnownFileType = wrapper.xcdatamodel; path = Ambilight.xcdatamodel; sourceTree = "<group>"; };
		3D837F9527D7B8E700A17EDF /* Ambilight.entitlements */ = {isa = PBXFileReference; lastKnownFileType = text.plist.entitlements; path = Ambilight.entitlements; sourceTree = "<group>"; };
		3D837F9A27D7B8E700A17EDF /* AmbilightTests.xctest */ = {isa = PBXFileReference; explicitFileType = wrapper.cfbundle; includeInIndex = 0; path = AmbilightTests.xctest; sourceTree = BUILT_PRODUCTS_DIR; };
		3D837F9E27D7B8E700A17EDF /* AmbilightTests.swift */ = {isa = PBXFileReference; lastKnownFileType = sourcecode.swift; path = AmbilightTests.swift; sourceTree = "<group>"; };
		3D837FA427D7B8E700A17EDF /* AmbilightUITests.xctest */ = {isa = PBXFileReference; explicitFileType = wrapper.cfbundle; includeInIndex = 0; path = AmbilightUITests.xctest; sourceTree = BUILT_PRODUCTS_DIR; };
		3D837FA827D7B8E700A17EDF /* AmbilightUITests.swift */ = {isa = PBXFileReference; lastKnownFileType = sourcecode.swift; path = AmbilightUITests.swift; sourceTree = "<group>"; };
		3D837FAA27D7B8E700A17EDF /* AmbilightUITestsLaunchTests.swift */ = {isa = PBXFileReference; lastKnownFileType = sourcecode.swift; path = AmbilightUITestsLaunchTests.swift; sourceTree = "<group>"; };
/* End PBXFileReference section */

/* Begin PBXFrameworksBuildPhase section */
		3D837F8127D7B8E600A17EDF /* Frameworks */ = {
			isa = PBXFrameworksBuildPhase;
			buildActionMask = 2147483647;
			files = (
				3D7A1B6F28392B4100644049 /* ORSSerial in Frameworks */,
			);
			runOnlyForDeploymentPostprocessing = 0;
		};
		3D837F9727D7B8E700A17EDF /* Frameworks */ = {
			isa = PBXFrameworksBuildPhase;
			buildActionMask = 2147483647;
			files = (
			);
			runOnlyForDeploymentPostprocessing = 0;
		};
		3D837FA127D7B8E700A17EDF /* Frameworks */ = {
			isa = PBXFrameworksBuildPhase;
			buildActionMask = 2147483647;
			files = (
			);
			runOnlyForDeploymentPostprocessing = 0;
		};
/* End PBXFrameworksBuildPhase section */

/* Begin PBXGroup section */
		3D371F1527D8C09200FDE89D /* ImageSource */ = {
			isa = PBXGroup;
			children = (
				3D371F2727D8C0F600FDE89D /* ImageSource.swift */,
				3D371F0B27D7C8CA00FDE89D /* ScreenCapture.swift */,
			);
			path = ImageSource;
			sourceTree = "<group>";
		};
		3D371F1727D8C09F00FDE89D /* LightOutput */ = {
			isa = PBXGroup;
			children = (
				3D371F2127D8C0D700FDE89D /* LightOutput.swift */,
				3D371F2927D8C14F00FDE89D /* CorrectedLightOutput.swift */,
				3D371F2227D8C0D700FDE89D /* MultiLightOutput.swift */,
				3D371F2327D8C0D700FDE89D /* SerialLightOutput.swift */,
			);
			path = LightOutput;
			sourceTree = "<group>";
		};
		3D371F1827D8C0A300FDE89D /* Supportive Structs */ = {
			isa = PBXGroup;
			children = (
				3D371F1B27D8C0C600FDE89D /* Coord.swift */,
				3D371F1C27D8C0C600FDE89D /* HSV.swift */,
				3D371F1D27D8C0C600FDE89D /* RGB.swift */,
			);
			path = "Supportive Structs";
			sourceTree = "<group>";
		};
		3D371F1927D8C0A900FDE89D /* ImageReduction */ = {
			isa = PBXGroup;
			children = (
				3D371F2D27D8C17300FDE89D /* ImageReduction.swift */,
				3D371F2B27D8C16E00FDE89D /* ScalingReduction.swift */,
			);
			path = ImageReduction;
			sourceTree = "<group>";
		};
		3D371F1A27D8C0B600FDE89D /* ColorCorrection */ = {
			isa = PBXGroup;
			children = (
				3D371F3A27D8C22500FDE89D /* ChainedColorCorrection.swift */,
				3D371F3227D8C19D00FDE89D /* ColorCorrection.swift */,
				3D371F3127D8C19D00FDE89D /* ExampleCorrection.swift */,
				3D371F2F27D8C19C00FDE89D /* SaturationCorrection.swift */,
				3D59D1D527D914B700930864 /* ChannelColorCorrection.swift */,
				3D59D1D727D914ED00930864 /* Scaler.swift */,
			);
			path = ColorCorrection;
			sourceTree = "<group>";
		};
		3D371F4527D8DF8C00FDE89D /* Utility & Extensions */ = {
			isa = PBXGroup;
			children = (
				3D371F4627D8DF9F00FDE89D /* Numbers.swift */,
			);
			path = "Utility & Extensions";
			sourceTree = "<group>";
		};
		3D7A1B7028392BFC00644049 /* ImageSplitter */ = {
			isa = PBXGroup;
			children = (
				3D7A1B7328392BFC00644049 /* GridSplitter.swift */,
				3D7A1B7428392BFC00644049 /* GridConfiguration.swift */,
				3D7A1B7128392BFC00644049 /* BlackBarDetector.swift */,
			);
			name = ImageSplitter;
			path = ../../../../../../Desktop/ImageSplitter;
			sourceTree = "<group>";
		};
		3D837F7B27D7B8E600A17EDF = {
			isa = PBXGroup;
			children = (
				3D837F8627D7B8E600A17EDF /* Ambilight */,
				3D837F9D27D7B8E700A17EDF /* AmbilightTests */,
				3D837FA727D7B8E700A17EDF /* AmbilightUITests */,
				3D837F8527D7B8E600A17EDF /* Products */,
				3D837FC327D7BAB600A17EDF /* Frameworks */,
			);
			sourceTree = "<group>";
		};
		3D837F8527D7B8E600A17EDF /* Products */ = {
			isa = PBXGroup;
			children = (
				3D837F8427D7B8E600A17EDF /* Ambilight.app */,
				3D837F9A27D7B8E700A17EDF /* AmbilightTests.xctest */,
				3D837FA427D7B8E700A17EDF /* AmbilightUITests.xctest */,
			);
			name = Products;
			sourceTree = "<group>";
		};
		3D837F8627D7B8E600A17EDF /* Ambilight */ = {
			isa = PBXGroup;
			children = (
				3D837FB927D7B99800A17EDF /* View Models */,
				3D837FB827D7B98D00A17EDF /* Views */,
				3D837FB727D7B98100A17EDF /* Model */,
				3D837F8727D7B8E600A17EDF /* AmbilightApp.swift */,
				3D837F8927D7B8E600A17EDF /* ContentView.swift */,
				3D837F8B27D7B8E700A17EDF /* Assets.xcassets */,
				3D837F9027D7B8E700A17EDF /* Persistence.swift */,
				3D837F9527D7B8E700A17EDF /* Ambilight.entitlements */,
				3D837F9227D7B8E700A17EDF /* Ambilight.xcdatamodeld */,
				3D837F8D27D7B8E700A17EDF /* Preview Content */,
				3D371F3727D8C1B900FDE89D /* Examples.swift */,
			);
			path = Ambilight;
			sourceTree = "<group>";
		};
		3D837F8D27D7B8E700A17EDF /* Preview Content */ = {
			isa = PBXGroup;
			children = (
				3D837F8E27D7B8E700A17EDF /* Preview Assets.xcassets */,
			);
			path = "Preview Content";
			sourceTree = "<group>";
		};
		3D837F9D27D7B8E700A17EDF /* AmbilightTests */ = {
			isa = PBXGroup;
			children = (
				3D837F9E27D7B8E700A17EDF /* AmbilightTests.swift */,
			);
			path = AmbilightTests;
			sourceTree = "<group>";
		};
		3D837FA727D7B8E700A17EDF /* AmbilightUITests */ = {
			isa = PBXGroup;
			children = (
				3D837FA827D7B8E700A17EDF /* AmbilightUITests.swift */,
				3D837FAA27D7B8E700A17EDF /* AmbilightUITestsLaunchTests.swift */,
			);
			path = AmbilightUITests;
			sourceTree = "<group>";
		};
		3D837FB727D7B98100A17EDF /* Model */ = {
			isa = PBXGroup;
			children = (
				3D7A1B7028392BFC00644049 /* ImageSplitter */,
				3D371F4527D8DF8C00FDE89D /* Utility & Extensions */,
				3D371F1A27D8C0B600FDE89D /* ColorCorrection */,
				3D371F1927D8C0A900FDE89D /* ImageReduction */,
				3D371F1827D8C0A300FDE89D /* Supportive Structs */,
				3D371F1727D8C09F00FDE89D /* LightOutput */,
				3D371F1527D8C09200FDE89D /* ImageSource */,
				3D371F0D27D7E49900FDE89D /* AmbilightManager.swift */,
			);
			path = Model;
			sourceTree = "<group>";
		};
		3D837FB827D7B98D00A17EDF /* Views */ = {
			isa = PBXGroup;
			children = (
				3D371EC127D7BCD100FDE89D /* ControlView.swift */,
				3D371EC327D7BCDB00FDE89D /* SerialPortView.swift */,
				3D371ED427D7C6DF00FDE89D /* SourceView.swift */,
				3D371F4127D8DE5000FDE89D /* SplitterView.swift */,
				3D371F4827D8FB8100FDE89D /* GridPreview.swift */,
				3D59D1D227D9109500930864 /* ColorCorrectionView.swift */,
			);
			path = Views;
			sourceTree = "<group>";
		};
		3D837FB927D7B99800A17EDF /* View Models */ = {
			isa = PBXGroup;
			children = (
				3D371ECA27D7BDD900FDE89D /* SerialPortViewModel.swift */,
				3D371ECD27D7C62F00FDE89D /* ControlViewModel.swift */,
				3D371ED627D7C77700FDE89D /* SourceViewModel.swift */,
				3D371F4327D8DE5C00FDE89D /* SplitterViewModel.swift */,
				3D59D1CE27D90DB900930864 /* GridPreviewModel.swift */,
			);
			path = "View Models";
			sourceTree = "<group>";
		};
		3D837FC327D7BAB600A17EDF /* Frameworks */ = {
			isa = PBXGroup;
			children = (
			);
			name = Frameworks;
			sourceTree = "<group>";
		};
/* End PBXGroup section */

/* Begin PBXNativeTarget section */
		3D837F8327D7B8E600A17EDF /* Ambilight */ = {
			isa = PBXNativeTarget;
			buildConfigurationList = 3D837FAE27D7B8E700A17EDF /* Build configuration list for PBXNativeTarget "Ambilight" */;
			buildPhases = (
				3D837F8027D7B8E600A17EDF /* Sources */,
				3D837F8127D7B8E600A17EDF /* Frameworks */,
				3D837F8227D7B8E600A17EDF /* Resources */,
			);
			buildRules = (
			);
			dependencies = (
			);
			name = Ambilight;
			packageProductDependencies = (
				3D7A1B6E28392B4100644049 /* ORSSerial */,
			);
			productName = Ambilight;
			productReference = 3D837F8427D7B8E600A17EDF /* Ambilight.app */;
			productType = "com.apple.product-type.application";
		};
		3D837F9927D7B8E700A17EDF /* AmbilightTests */ = {
			isa = PBXNativeTarget;
			buildConfigurationList = 3D837FB127D7B8E700A17EDF /* Build configuration list for PBXNativeTarget "AmbilightTests" */;
			buildPhases = (
				3D837F9627D7B8E700A17EDF /* Sources */,
				3D837F9727D7B8E700A17EDF /* Frameworks */,
				3D837F9827D7B8E700A17EDF /* Resources */,
			);
			buildRules = (
			);
			dependencies = (
				3D837F9C27D7B8E700A17EDF /* PBXTargetDependency */,
			);
			name = AmbilightTests;
			productName = AmbilightTests;
			productReference = 3D837F9A27D7B8E700A17EDF /* AmbilightTests.xctest */;
			productType = "com.apple.product-type.bundle.unit-test";
		};
		3D837FA327D7B8E700A17EDF /* AmbilightUITests */ = {
			isa = PBXNativeTarget;
			buildConfigurationList = 3D837FB427D7B8E700A17EDF /* Build configuration list for PBXNativeTarget "AmbilightUITests" */;
			buildPhases = (
				3D837FA027D7B8E700A17EDF /* Sources */,
				3D837FA127D7B8E700A17EDF /* Frameworks */,
				3D837FA227D7B8E700A17EDF /* Resources */,
			);
			buildRules = (
			);
			dependencies = (
				3D837FA627D7B8E700A17EDF /* PBXTargetDependency */,
			);
			name = AmbilightUITests;
			productName = AmbilightUITests;
			productReference = 3D837FA427D7B8E700A17EDF /* AmbilightUITests.xctest */;
			productType = "com.apple.product-type.bundle.ui-testing";
		};
/* End PBXNativeTarget section */

/* Begin PBXProject section */
		3D837F7C27D7B8E600A17EDF /* Project object */ = {
			isa = PBXProject;
			attributes = {
				BuildIndependentTargetsInParallel = 1;
				LastSwiftUpdateCheck = 1320;
				LastUpgradeCheck = 1320;
				TargetAttributes = {
					3D837F8327D7B8E600A17EDF = {
						CreatedOnToolsVersion = 13.2.1;
					};
					3D837F9927D7B8E700A17EDF = {
						CreatedOnToolsVersion = 13.2.1;
						TestTargetID = 3D837F8327D7B8E600A17EDF;
					};
					3D837FA327D7B8E700A17EDF = {
						CreatedOnToolsVersion = 13.2.1;
						TestTargetID = 3D837F8327D7B8E600A17EDF;
					};
				};
			};
			buildConfigurationList = 3D837F7F27D7B8E600A17EDF /* Build configuration list for PBXProject "Ambilight" */;
			compatibilityVersion = "Xcode 13.0";
			developmentRegion = en;
			hasScannedForEncodings = 0;
			knownRegions = (
				en,
				Base,
			);
			mainGroup = 3D837F7B27D7B8E600A17EDF;
			packageReferences = (
				3D7A1B6D28392B4100644049 /* XCRemoteSwiftPackageReference "ORSSerialPort" */,
			);
			productRefGroup = 3D837F8527D7B8E600A17EDF /* Products */;
			projectDirPath = "";
			projectRoot = "";
			targets = (
				3D837F8327D7B8E600A17EDF /* Ambilight */,
				3D837F9927D7B8E700A17EDF /* AmbilightTests */,
				3D837FA327D7B8E700A17EDF /* AmbilightUITests */,
			);
		};
/* End PBXProject section */

/* Begin PBXResourcesBuildPhase section */
		3D837F8227D7B8E600A17EDF /* Resources */ = {
			isa = PBXResourcesBuildPhase;
			buildActionMask = 2147483647;
			files = (
				3D837F8F27D7B8E700A17EDF /* Preview Assets.xcassets in Resources */,
				3D837F8C27D7B8E700A17EDF /* Assets.xcassets in Resources */,
			);
			runOnlyForDeploymentPostprocessing = 0;
		};
		3D837F9827D7B8E700A17EDF /* Resources */ = {
			isa = PBXResourcesBuildPhase;
			buildActionMask = 2147483647;
			files = (
			);
			runOnlyForDeploymentPostprocessing = 0;
		};
		3D837FA227D7B8E700A17EDF /* Resources */ = {
			isa = PBXResourcesBuildPhase;
			buildActionMask = 2147483647;
			files = (
			);
			runOnlyForDeploymentPostprocessing = 0;
		};
/* End PBXResourcesBuildPhase section */

/* Begin PBXSourcesBuildPhase section */
		3D837F8027D7B8E600A17EDF /* Sources */ = {
			isa = PBXSourcesBuildPhase;
			buildActionMask = 2147483647;
			files = (
				3D371F2027D8C0C600FDE89D /* RGB.swift in Sources */,
				3D837F9127D7B8E700A17EDF /* Persistence.swift in Sources */,
				3D371F4927D8FB8100FDE89D /* GridPreview.swift in Sources */,
				3D7A1B7628392BFC00644049 /* BlackBarDetector.swift in Sources */,
				3D371F0E27D7E49900FDE89D /* AmbilightManager.swift in Sources */,
				3D59D1CF27D90DB900930864 /* GridPreviewModel.swift in Sources */,
				3D7A1B7728392BFC00644049 /* GridSplitter.swift in Sources */,
				3D371F4427D8DE5C00FDE89D /* SplitterViewModel.swift in Sources */,
				3D371F3527D8C19D00FDE89D /* ExampleCorrection.swift in Sources */,
				3D371F2827D8C0F600FDE89D /* ImageSource.swift in Sources */,
				3D371F4727D8DF9F00FDE89D /* Numbers.swift in Sources */,
				3D371F2527D8C0D700FDE89D /* MultiLightOutput.swift in Sources */,
				3D837F8A27D7B8E600A17EDF /* ContentView.swift in Sources */,
				3D371F2C27D8C16E00FDE89D /* ScalingReduction.swift in Sources */,
				3D371F2A27D8C14F00FDE89D /* CorrectedLightOutput.swift in Sources */,
				3D371F2427D8C0D700FDE89D /* LightOutput.swift in Sources */,
				3D371F4227D8DE5000FDE89D /* SplitterView.swift in Sources */,
				3D371F2627D8C0D700FDE89D /* SerialLightOutput.swift in Sources */,
				3D371ED527D7C6DF00FDE89D /* SourceView.swift in Sources */,
				3D371F3327D8C19D00FDE89D /* SaturationCorrection.swift in Sources */,
				3D371F3827D8C1B900FDE89D /* Examples.swift in Sources */,
				3D371F3627D8C19D00FDE89D /* ColorCorrection.swift in Sources */,
				3D59D1D627D914B700930864 /* ChannelColorCorrection.swift in Sources */,
				3D7A1B7828392BFC00644049 /* GridConfiguration.swift in Sources */,
				3D371F1F27D8C0C600FDE89D /* HSV.swift in Sources */,
				3D59D1D827D914ED00930864 /* Scaler.swift in Sources */,
				3D371F1E27D8C0C600FDE89D /* Coord.swift in Sources */,
				3D371F3C27D8C22500FDE89D /* ChainedColorCorrection.swift in Sources */,
				3D837F8827D7B8E600A17EDF /* AmbilightApp.swift in Sources */,
				3D837F9427D7B8E700A17EDF /* Ambilight.xcdatamodeld in Sources */,
				3D371ECB27D7BDD900FDE89D /* SerialPortViewModel.swift in Sources */,
				3D371EC227D7BCD100FDE89D /* ControlView.swift in Sources */,
				3D59D1D327D9109500930864 /* ColorCorrectionView.swift in Sources */,
				3D371ED727D7C77700FDE89D /* SourceViewModel.swift in Sources */,
				3D371ECE27D7C62F00FDE89D /* ControlViewModel.swift in Sources */,
				3D371EC427D7BCDB00FDE89D /* SerialPortView.swift in Sources */,
				3D371F0C27D7C8CA00FDE89D /* ScreenCapture.swift in Sources */,
				3D371F2E27D8C17300FDE89D /* ImageReduction.swift in Sources */,
			);
			runOnlyForDeploymentPostprocessing = 0;
		};
		3D837F9627D7B8E700A17EDF /* Sources */ = {
			isa = PBXSourcesBuildPhase;
			buildActionMask = 2147483647;
			files = (
				3D837F9F27D7B8E700A17EDF /* AmbilightTests.swift in Sources */,
			);
			runOnlyForDeploymentPostprocessing = 0;
		};
		3D837FA027D7B8E700A17EDF /* Sources */ = {
			isa = PBXSourcesBuildPhase;
			buildActionMask = 2147483647;
			files = (
				3D837FAB27D7B8E700A17EDF /* AmbilightUITestsLaunchTests.swift in Sources */,
				3D837FA927D7B8E700A17EDF /* AmbilightUITests.swift in Sources */,
			);
			runOnlyForDeploymentPostprocessing = 0;
		};
/* End PBXSourcesBuildPhase section */

/* Begin PBXTargetDependency section */
		3D837F9C27D7B8E700A17EDF /* PBXTargetDependency */ = {
			isa = PBXTargetDependency;
			target = 3D837F8327D7B8E600A17EDF /* Ambilight */;
			targetProxy = 3D837F9B27D7B8E700A17EDF /* PBXContainerItemProxy */;
		};
		3D837FA627D7B8E700A17EDF /* PBXTargetDependency */ = {
			isa = PBXTargetDependency;
			target = 3D837F8327D7B8E600A17EDF /* Ambilight */;
			targetProxy = 3D837FA527D7B8E700A17EDF /* PBXContainerItemProxy */;
		};
/* End PBXTargetDependency section */

/* Begin XCBuildConfiguration section */
		3D837FAC27D7B8E700A17EDF /* Debug */ = {
			isa = XCBuildConfiguration;
			buildSettings = {
				ALWAYS_SEARCH_USER_PATHS = NO;
				CLANG_ANALYZER_NONNULL = YES;
				CLANG_ANALYZER_NUMBER_OBJECT_CONVERSION = YES_AGGRESSIVE;
				CLANG_CXX_LANGUAGE_STANDARD = "gnu++17";
				CLANG_CXX_LIBRARY = "libc++";
				CLANG_ENABLE_MODULES = YES;
				CLANG_ENABLE_OBJC_ARC = YES;
				CLANG_ENABLE_OBJC_WEAK = YES;
				CLANG_WARN_BLOCK_CAPTURE_AUTORELEASING = YES;
				CLANG_WARN_BOOL_CONVERSION = YES;
				CLANG_WARN_COMMA = YES;
				CLANG_WARN_CONSTANT_CONVERSION = YES;
				CLANG_WARN_DEPRECATED_OBJC_IMPLEMENTATIONS = YES;
				CLANG_WARN_DIRECT_OBJC_ISA_USAGE = YES_ERROR;
				CLANG_WARN_DOCUMENTATION_COMMENTS = YES;
				CLANG_WARN_EMPTY_BODY = YES;
				CLANG_WARN_ENUM_CONVERSION = YES;
				CLANG_WARN_INFINITE_RECURSION = YES;
				CLANG_WARN_INT_CONVERSION = YES;
				CLANG_WARN_NON_LITERAL_NULL_CONVERSION = YES;
				CLANG_WARN_OBJC_IMPLICIT_RETAIN_SELF = YES;
				CLANG_WARN_OBJC_LITERAL_CONVERSION = YES;
				CLANG_WARN_OBJC_ROOT_CLASS = YES_ERROR;
				CLANG_WARN_QUOTED_INCLUDE_IN_FRAMEWORK_HEADER = YES;
				CLANG_WARN_RANGE_LOOP_ANALYSIS = YES;
				CLANG_WARN_STRICT_PROTOTYPES = YES;
				CLANG_WARN_SUSPICIOUS_MOVE = YES;
				CLANG_WARN_UNGUARDED_AVAILABILITY = YES_AGGRESSIVE;
				CLANG_WARN_UNREACHABLE_CODE = YES;
				CLANG_WARN__DUPLICATE_METHOD_MATCH = YES;
				COPY_PHASE_STRIP = NO;
				DEBUG_INFORMATION_FORMAT = dwarf;
				ENABLE_STRICT_OBJC_MSGSEND = YES;
				ENABLE_TESTABILITY = YES;
				GCC_C_LANGUAGE_STANDARD = gnu11;
				GCC_DYNAMIC_NO_PIC = NO;
				GCC_NO_COMMON_BLOCKS = YES;
				GCC_OPTIMIZATION_LEVEL = 0;
				GCC_PREPROCESSOR_DEFINITIONS = (
					"DEBUG=1",
					"$(inherited)",
				);
				GCC_WARN_64_TO_32_BIT_CONVERSION = YES;
				GCC_WARN_ABOUT_RETURN_TYPE = YES_ERROR;
				GCC_WARN_UNDECLARED_SELECTOR = YES;
				GCC_WARN_UNINITIALIZED_AUTOS = YES_AGGRESSIVE;
				GCC_WARN_UNUSED_FUNCTION = YES;
				GCC_WARN_UNUSED_VARIABLE = YES;
				MACOSX_DEPLOYMENT_TARGET = 12.0;
				MTL_ENABLE_DEBUG_INFO = INCLUDE_SOURCE;
				MTL_FAST_MATH = YES;
				ONLY_ACTIVE_ARCH = YES;
				SDKROOT = macosx;
				SWIFT_ACTIVE_COMPILATION_CONDITIONS = DEBUG;
				SWIFT_OPTIMIZATION_LEVEL = "-Onone";
			};
			name = Debug;
		};
		3D837FAD27D7B8E700A17EDF /* Release */ = {
			isa = XCBuildConfiguration;
			buildSettings = {
				ALWAYS_SEARCH_USER_PATHS = NO;
				CLANG_ANALYZER_NONNULL = YES;
				CLANG_ANALYZER_NUMBER_OBJECT_CONVERSION = YES_AGGRESSIVE;
				CLANG_CXX_LANGUAGE_STANDARD = "gnu++17";
				CLANG_CXX_LIBRARY = "libc++";
				CLANG_ENABLE_MODULES = YES;
				CLANG_ENABLE_OBJC_ARC = YES;
				CLANG_ENABLE_OBJC_WEAK = YES;
				CLANG_WARN_BLOCK_CAPTURE_AUTORELEASING = YES;
				CLANG_WARN_BOOL_CONVERSION = YES;
				CLANG_WARN_COMMA = YES;
				CLANG_WARN_CONSTANT_CONVERSION = YES;
				CLANG_WARN_DEPRECATED_OBJC_IMPLEMENTATIONS = YES;
				CLANG_WARN_DIRECT_OBJC_ISA_USAGE = YES_ERROR;
				CLANG_WARN_DOCUMENTATION_COMMENTS = YES;
				CLANG_WARN_EMPTY_BODY = YES;
				CLANG_WARN_ENUM_CONVERSION = YES;
				CLANG_WARN_INFINITE_RECURSION = YES;
				CLANG_WARN_INT_CONVERSION = YES;
				CLANG_WARN_NON_LITERAL_NULL_CONVERSION = YES;
				CLANG_WARN_OBJC_IMPLICIT_RETAIN_SELF = YES;
				CLANG_WARN_OBJC_LITERAL_CONVERSION = YES;
				CLANG_WARN_OBJC_ROOT_CLASS = YES_ERROR;
				CLANG_WARN_QUOTED_INCLUDE_IN_FRAMEWORK_HEADER = YES;
				CLANG_WARN_RANGE_LOOP_ANALYSIS = YES;
				CLANG_WARN_STRICT_PROTOTYPES = YES;
				CLANG_WARN_SUSPICIOUS_MOVE = YES;
				CLANG_WARN_UNGUARDED_AVAILABILITY = YES_AGGRESSIVE;
				CLANG_WARN_UNREACHABLE_CODE = YES;
				CLANG_WARN__DUPLICATE_METHOD_MATCH = YES;
				COPY_PHASE_STRIP = NO;
				DEBUG_INFORMATION_FORMAT = "dwarf-with-dsym";
				ENABLE_NS_ASSERTIONS = NO;
				ENABLE_STRICT_OBJC_MSGSEND = YES;
				GCC_C_LANGUAGE_STANDARD = gnu11;
				GCC_NO_COMMON_BLOCKS = YES;
				GCC_WARN_64_TO_32_BIT_CONVERSION = YES;
				GCC_WARN_ABOUT_RETURN_TYPE = YES_ERROR;
				GCC_WARN_UNDECLARED_SELECTOR = YES;
				GCC_WARN_UNINITIALIZED_AUTOS = YES_AGGRESSIVE;
				GCC_WARN_UNUSED_FUNCTION = YES;
				GCC_WARN_UNUSED_VARIABLE = YES;
				MACOSX_DEPLOYMENT_TARGET = 12.0;
				MTL_ENABLE_DEBUG_INFO = NO;
				MTL_FAST_MATH = YES;
				SDKROOT = macosx;
				SWIFT_COMPILATION_MODE = wholemodule;
				SWIFT_OPTIMIZATION_LEVEL = "-O";
			};
			name = Release;
		};
		3D837FAF27D7B8E700A17EDF /* Debug */ = {
			isa = XCBuildConfiguration;
			buildSettings = {
				ASSETCATALOG_COMPILER_APPICON_NAME = AppIcon;
				ASSETCATALOG_COMPILER_GLOBAL_ACCENT_COLOR_NAME = AccentColor;
				CODE_SIGN_ENTITLEMENTS = Ambilight/Ambilight.entitlements;
				CODE_SIGN_STYLE = Automatic;
				COMBINE_HIDPI_IMAGES = YES;
				CURRENT_PROJECT_VERSION = 1;
				DEVELOPMENT_ASSET_PATHS = "\"Ambilight/Preview Content\"";
				DEVELOPMENT_TEAM = 5H47YR466G;
				ENABLE_HARDENED_RUNTIME = YES;
				ENABLE_PREVIEWS = YES;
				GENERATE_INFOPLIST_FILE = YES;
				INFOPLIST_KEY_NSHumanReadableCopyright = "";
				LD_RUNPATH_SEARCH_PATHS = (
					"$(inherited)",
					"@executable_path/../Frameworks",
				);
				MARKETING_VERSION = 1.0;
				PRODUCT_BUNDLE_IDENTIFIER = JandeBoer.Ambilight;
				PRODUCT_NAME = "$(TARGET_NAME)";
				SWIFT_EMIT_LOC_STRINGS = YES;
				SWIFT_VERSION = 5.0;
			};
			name = Debug;
		};
		3D837FB027D7B8E700A17EDF /* Release */ = {
			isa = XCBuildConfiguration;
			buildSettings = {
				ASSETCATALOG_COMPILER_APPICON_NAME = AppIcon;
				ASSETCATALOG_COMPILER_GLOBAL_ACCENT_COLOR_NAME = AccentColor;
				CODE_SIGN_ENTITLEMENTS = Ambilight/Ambilight.entitlements;
				CODE_SIGN_STYLE = Automatic;
				COMBINE_HIDPI_IMAGES = YES;
				CURRENT_PROJECT_VERSION = 1;
				DEVELOPMENT_ASSET_PATHS = "\"Ambilight/Preview Content\"";
				DEVELOPMENT_TEAM = 5H47YR466G;
				ENABLE_HARDENED_RUNTIME = YES;
				ENABLE_PREVIEWS = YES;
				GENERATE_INFOPLIST_FILE = YES;
				INFOPLIST_KEY_NSHumanReadableCopyright = "";
				LD_RUNPATH_SEARCH_PATHS = (
					"$(inherited)",
					"@executable_path/../Frameworks",
				);
				MARKETING_VERSION = 1.0;
				PRODUCT_BUNDLE_IDENTIFIER = JandeBoer.Ambilight;
				PRODUCT_NAME = "$(TARGET_NAME)";
				SWIFT_EMIT_LOC_STRINGS = YES;
				SWIFT_VERSION = 5.0;
			};
			name = Release;
		};
		3D837FB227D7B8E700A17EDF /* Debug */ = {
			isa = XCBuildConfiguration;
			buildSettings = {
				ALWAYS_EMBED_SWIFT_STANDARD_LIBRARIES = YES;
				BUNDLE_LOADER = "$(TEST_HOST)";
				CODE_SIGN_STYLE = Automatic;
				CURRENT_PROJECT_VERSION = 1;
				DEVELOPMENT_TEAM = 5H47YR466G;
				GENERATE_INFOPLIST_FILE = YES;
				MACOSX_DEPLOYMENT_TARGET = 12.0;
				MARKETING_VERSION = 1.0;
				PRODUCT_BUNDLE_IDENTIFIER = JandeBoer.AmbilightTests;
				PRODUCT_NAME = "$(TARGET_NAME)";
				SWIFT_EMIT_LOC_STRINGS = NO;
				SWIFT_VERSION = 5.0;
				TEST_HOST = "$(BUILT_PRODUCTS_DIR)/Ambilight.app/Contents/MacOS/Ambilight";
			};
			name = Debug;
		};
		3D837FB327D7B8E700A17EDF /* Release */ = {
			isa = XCBuildConfiguration;
			buildSettings = {
				ALWAYS_EMBED_SWIFT_STANDARD_LIBRARIES = YES;
				BUNDLE_LOADER = "$(TEST_HOST)";
				CODE_SIGN_STYLE = Automatic;
				CURRENT_PROJECT_VERSION = 1;
				DEVELOPMENT_TEAM = 5H47YR466G;
				GENERATE_INFOPLIST_FILE = YES;
				MACOSX_DEPLOYMENT_TARGET = 12.0;
				MARKETING_VERSION = 1.0;
				PRODUCT_BUNDLE_IDENTIFIER = JandeBoer.AmbilightTests;
				PRODUCT_NAME = "$(TARGET_NAME)";
				SWIFT_EMIT_LOC_STRINGS = NO;
				SWIFT_VERSION = 5.0;
				TEST_HOST = "$(BUILT_PRODUCTS_DIR)/Ambilight.app/Contents/MacOS/Ambilight";
			};
			name = Release;
		};
		3D837FB527D7B8E700A17EDF /* Debug */ = {
			isa = XCBuildConfiguration;
			buildSettings = {
				ALWAYS_EMBED_SWIFT_STANDARD_LIBRARIES = YES;
				CODE_SIGN_STYLE = Automatic;
				CURRENT_PROJECT_VERSION = 1;
				DEVELOPMENT_TEAM = 5H47YR466G;
				GENERATE_INFOPLIST_FILE = YES;
				MARKETING_VERSION = 1.0;
				PRODUCT_BUNDLE_IDENTIFIER = JandeBoer.AmbilightUITests;
				PRODUCT_NAME = "$(TARGET_NAME)";
				SWIFT_EMIT_LOC_STRINGS = NO;
				SWIFT_VERSION = 5.0;
				TEST_TARGET_NAME = Ambilight;
			};
			name = Debug;
		};
		3D837FB627D7B8E700A17EDF /* Release */ = {
			isa = XCBuildConfiguration;
			buildSettings = {
				ALWAYS_EMBED_SWIFT_STANDARD_LIBRARIES = YES;
				CODE_SIGN_STYLE = Automatic;
				CURRENT_PROJECT_VERSION = 1;
				DEVELOPMENT_TEAM = 5H47YR466G;
				GENERATE_INFOPLIST_FILE = YES;
				MARKETING_VERSION = 1.0;
				PRODUCT_BUNDLE_IDENTIFIER = JandeBoer.AmbilightUITests;
				PRODUCT_NAME = "$(TARGET_NAME)";
				SWIFT_EMIT_LOC_STRINGS = NO;
				SWIFT_VERSION = 5.0;
				TEST_TARGET_NAME = Ambilight;
			};
			name = Release;
		};
/* End XCBuildConfiguration section */

/* Begin XCConfigurationList section */
		3D837F7F27D7B8E600A17EDF /* Build configuration list for PBXProject "Ambilight" */ = {
			isa = XCConfigurationList;
			buildConfigurations = (
				3D837FAC27D7B8E700A17EDF /* Debug */,
				3D837FAD27D7B8E700A17EDF /* Release */,
			);
			defaultConfigurationIsVisible = 0;
			defaultConfigurationName = Release;
		};
		3D837FAE27D7B8E700A17EDF /* Build configuration list for PBXNativeTarget "Ambilight" */ = {
			isa = XCConfigurationList;
			buildConfigurations = (
				3D837FAF27D7B8E700A17EDF /* Debug */,
				3D837FB027D7B8E700A17EDF /* Release */,
			);
			defaultConfigurationIsVisible = 0;
			defaultConfigurationName = Release;
		};
		3D837FB127D7B8E700A17EDF /* Build configuration list for PBXNativeTarget "AmbilightTests" */ = {
			isa = XCConfigurationList;
			buildConfigurations = (
				3D837FB227D7B8E700A17EDF /* Debug */,
				3D837FB327D7B8E700A17EDF /* Release */,
			);
			defaultConfigurationIsVisible = 0;
			defaultConfigurationName = Release;
		};
		3D837FB427D7B8E700A17EDF /* Build configuration list for PBXNativeTarget "AmbilightUITests" */ = {
			isa = XCConfigurationList;
			buildConfigurations = (
				3D837FB527D7B8E700A17EDF /* Debug */,
				3D837FB627D7B8E700A17EDF /* Release */,
			);
			defaultConfigurationIsVisible = 0;
			defaultConfigurationName = Release;
		};
/* End XCConfigurationList section */

/* Begin XCRemoteSwiftPackageReference section */
		3D7A1B6D28392B4100644049 /* XCRemoteSwiftPackageReference "ORSSerialPort" */ = {
			isa = XCRemoteSwiftPackageReference;
			repositoryURL = "https://github.com/armadsen/ORSSerialPort.git";
			requirement = {
				kind = exactVersion;
				version = 2.1.0;
			};
		};
/* End XCRemoteSwiftPackageReference section */

/* Begin XCSwiftPackageProductDependency section */
		3D7A1B6E28392B4100644049 /* ORSSerial */ = {
			isa = XCSwiftPackageProductDependency;
			package = 3D7A1B6D28392B4100644049 /* XCRemoteSwiftPackageReference "ORSSerialPort" */;
			productName = ORSSerial;
		};
/* End XCSwiftPackageProductDependency section */

/* Begin XCVersionGroup section */
		3D837F9227D7B8E700A17EDF /* Ambilight.xcdatamodeld */ = {
			isa = XCVersionGroup;
			children = (
				3D837F9327D7B8E700A17EDF /* Ambilight.xcdatamodel */,
			);
			currentVersion = 3D837F9327D7B8E700A17EDF /* Ambilight.xcdatamodel */;
			path = Ambilight.xcdatamodeld;
			sourceTree = "<group>";
			versionGroupType = wrapper.xcdatamodel;
		};
/* End XCVersionGroup section */
	};
	rootObject = 3D837F7C27D7B8E600A17EDF /* Project object */;
}
